github.com/BurntSushi/toml v1.4.0 h1:kuoIxZQy2WRRk1pttg9asf+WVv6tWQuBNVmK8+nqPr0=
github.com/BurntSushi/toml v1.4.0/go.mod h1:ukJfTF/6rtPPRCnwkur4qwRxa8vTRFBF0uk2lLoLwho=
github.com/joho/godotenv v1.5.1 h1:7eLL/+HRGLY0ldzfGMeQkb7vMd0as4CfYvUVzLqw0N0=
github.com/joho/godotenv v1.5.1/go.mod h1:f4LDr5Voq0i2e/R5DDNOoa2zzDfwtkZa6DnEwAbqwq4=
github.com/patrickhuber/go-cross v0.0.5 h1:qnqp3g1G/hLEOLKCfojVxe4KVjS2+KAy7UAaGq6cfF4=
github.com/patrickhuber/go-cross v0.0.5/go.mod h1:4IR8GpD0gBiEzX95FQzw2aOjdDXcYsboSS+zHfCzpAk=
github.com/patrickhuber/go-types v0.6.0 h1:WYAsdXniinKzQZdxC0wvORwtZX8C670tvguslefRMGI=
github.com/patrickhuber/go-types v0.6.0/go.mod h1:fkCDj9+Mfd2t7x0vb8EQywoa1vhBp+G8AW7M5kz7rnc=
gopkg.in/check.v1 v0.0.0-20161208181325-20d25e280405 h1:yhCVgyC4o1eVCa2tZl7eS0r+SDo693bJlVdllGtEeKM=
gopkg.in/check.v1 v0.0.0-20161208181325-20d25e280405/go.mod h1:Co6ibVJAznAaIkqp8huTwlJQCZ016jof/cbN4VW5Yz0=
gopkg.in/yaml.v3 v3.0.1 h1:fxVm/GzAzEWqLHuvctI91KS9hhNmmWOoWu0XTYJS7CA=
gopkg.in/yaml.v3 v3.0.1/go.mod h1:K4uyk7z7BCEPqu6E+C64Yfv1cQ7kz7rIZviUmN+EgEM=
